
Microsoft Visual Studio Solution File, Format Version 12.00
# Visual Studio Version 17
VisualStudioVersion = 17.9.34728.123
MinimumVisualStudioVersion = 10.0.40219.1
Project("{FAE04EC0-301F-11D3-BF4B-00C04F79EFBC}") = "CircularSinglyLinkedList", "CircularSinglyLinkedList\CircularSinglyLinkedList.csproj", "{0FA2B845-30B8-4FBD-BF06-7D2BA22CD54B}"
EndProject
Global
	GlobalSection(SolutionConfigurationPlatforms) = preSolution
		Debug|Any CPU = Debug|Any CPU
		Release|Any CPU = Release|Any CPU
	EndGlobalSection
	GlobalSection(ProjectConfigurationPlatforms) = postSolution
		{0FA2B845-30B8-4FBD-BF06-7D2BA22CD54B}.Debug|Any CPU.ActiveCfg = Debug|Any CPU
		{0FA2B845-30B8-4FBD-BF06-7D2BA22CD54B}.Debug|Any CPU.Build.0 = Debug|Any CPU
		{0FA2B845-30B8-4FBD-BF06-7D2BA22CD54B}.Release|Any CPU.ActiveCfg = Release|Any CPU
		{0FA2B845-30B8-4FBD-BF06-7D2BA22CD54B}.Release|Any CPU.Build.0 = Release|Any CPU
	EndGlobalSection
	GlobalSection(SolutionProperties) = preSolution
		HideSolutionNode = FALSE
	EndGlobalSection
	GlobalSection(ExtensibilityGlobals) = postSolution
		SolutionGuid = {3468478F-488B-493A-9214-AEB7A667807D}
	EndGlobalSection
EndGlobal
